// !$*UTF8*$!
{
	archiveVersion = 1;
	classes = {
	};
	objectVersion = 51;
	objects = {

/* Begin PBXBuildFile section */
		6A0E1BC31C63908395F4A721 /* Pods_Minidu_Wickramaarachchi_COBSCCOMP192P_010_Assignment_03.framework in Frameworks */ = {isa = PBXBuildFile; fileRef = 8423885ABE0DB4369D0040BC /* Pods_Minidu_Wickramaarachchi_COBSCCOMP192P_010_Assignment_03.framework */; };
		924ED36B25F0E3B600D4FC4C /* OrdersTableViewCell.swift in Sources */ = {isa = PBXBuildFile; fileRef = 924ED36A25F0E3B600D4FC4C /* OrdersTableViewCell.swift */; };
		924ED36E25F0E50400D4FC4C /* OrderViewController.swift in Sources */ = {isa = PBXBuildFile; fileRef = 924ED36D25F0E50400D4FC4C /* OrderViewController.swift */; };
		924ED37525F1158F00D4FC4C /* ForgetPWViewController.swift in Sources */ = {isa = PBXBuildFile; fileRef = 924ED37425F1158F00D4FC4C /* ForgetPWViewController.swift */; };
		9258D21125F1FCF100B67B04 /* LocationViewController.swift in Sources */ = {isa = PBXBuildFile; fileRef = 9258D21025F1FCF100B67B04 /* LocationViewController.swift */; };
		9258D21425F2229900B67B04 /* DescriptionViewController.swift in Sources */ = {isa = PBXBuildFile; fileRef = 9258D21325F2229900B67B04 /* DescriptionViewController.swift */; };
		92B1D83525F33FD900474543 /* UpdateDetailsViewController.swift in Sources */ = {isa = PBXBuildFile; fileRef = 92B1D83425F33FD900474543 /* UpdateDetailsViewController.swift */; };
		92B1D83825F3429F00474543 /* DetailViewController.swift in Sources */ = {isa = PBXBuildFile; fileRef = 92B1D83725F3429F00474543 /* DetailViewController.swift */; };
		92C64CAD25EF59C6007521FD /* LoginViewController.swift in Sources */ = {isa = PBXBuildFile; fileRef = 92C64CAC25EF59C6007521FD /* LoginViewController.swift */; };
		92C64CB025EF59EA007521FD /* SignUpViewController.swift in Sources */ = {isa = PBXBuildFile; fileRef = 92C64CAF25EF59EA007521FD /* SignUpViewController.swift */; };
		92CB7F0925EBC235004BFAA9 /* GoogleService-Info.plist in Resources */ = {isa = PBXBuildFile; fileRef = 92CB7F0825EBC235004BFAA9 /* GoogleService-Info.plist */; };
		92DCE54025F09E6F00109268 /* CartTableViewCell.swift in Sources */ = {isa = PBXBuildFile; fileRef = 92DCE53F25F09E6F00109268 /* CartTableViewCell.swift */; };
		92DCE54325F09FB000109268 /* FoodViewController.swift in Sources */ = {isa = PBXBuildFile; fileRef = 92DCE54225F09FB000109268 /* FoodViewController.swift */; };
		92DCE54A25F0AA1900109268 /* CatogaryCollectionViewCell.swift in Sources */ = {isa = PBXBuildFile; fileRef = 92DCE54925F0AA1900109268 /* CatogaryCollectionViewCell.swift */; };
		92DCE55125F0C4B400109268 /* FoodItemTableViewCell.swift in Sources */ = {isa = PBXBuildFile; fileRef = 92DCE55025F0C4B400109268 /* FoodItemTableViewCell.swift */; };
		92F6A99225E8E01800381587 /* AppDelegate.swift in Sources */ = {isa = PBXBuildFile; fileRef = 92F6A99125E8E01800381587 /* AppDelegate.swift */; };
		92F6A99425E8E01800381587 /* SceneDelegate.swift in Sources */ = {isa = PBXBuildFile; fileRef = 92F6A99325E8E01800381587 /* SceneDelegate.swift */; };
		92F6A99625E8E01800381587 /* ViewController.swift in Sources */ = {isa = PBXBuildFile; fileRef = 92F6A99525E8E01800381587 /* ViewController.swift */; };
		92F6A99925E8E01800381587 /* Main.storyboard in Resources */ = {isa = PBXBuildFile; fileRef = 92F6A99725E8E01800381587 /* Main.storyboard */; };
		92F6A99B25E8E01900381587 /* Assets.xcassets in Resources */ = {isa = PBXBuildFile; fileRef = 92F6A99A25E8E01900381587 /* Assets.xcassets */; };
		92F6A99E25E8E01900381587 /* LaunchScreen.storyboard in Resources */ = {isa = PBXBuildFile; fileRef = 92F6A99C25E8E01900381587 /* LaunchScreen.storyboard */; };
/* End PBXBuildFile section */

/* Begin PBXFileReference section */
		8423885ABE0DB4369D0040BC /* Pods_Minidu_Wickramaarachchi_COBSCCOMP192P_010_Assignment_03.framework */ = {isa = PBXFileReference; explicitFileType = wrapper.framework; includeInIndex = 0; path = Pods_Minidu_Wickramaarachchi_COBSCCOMP192P_010_Assignment_03.framework; sourceTree = BUILT_PRODUCTS_DIR; };
		924ED36A25F0E3B600D4FC4C /* OrdersTableViewCell.swift */ = {isa = PBXFileReference; lastKnownFileType = sourcecode.swift; path = OrdersTableViewCell.swift; sourceTree = "<group>"; };
		924ED36D25F0E50400D4FC4C /* OrderViewController.swift */ = {isa = PBXFileReference; lastKnownFileType = sourcecode.swift; path = OrderViewController.swift; sourceTree = "<group>"; };
		924ED37425F1158F00D4FC4C /* ForgetPWViewController.swift */ = {isa = PBXFileReference; lastKnownFileType = sourcecode.swift; path = ForgetPWViewController.swift; sourceTree = "<group>"; };
		9258D21025F1FCF100B67B04 /* LocationViewController.swift */ = {isa = PBXFileReference; lastKnownFileType = sourcecode.swift; path = LocationViewController.swift; sourceTree = "<group>"; };
		9258D21325F2229900B67B04 /* DescriptionViewController.swift */ = {isa = PBXFileReference; lastKnownFileType = sourcecode.swift; path = DescriptionViewController.swift; sourceTree = "<group>"; };
		92B1D83425F33FD900474543 /* UpdateDetailsViewController.swift */ = {isa = PBXFileReference; lastKnownFileType = sourcecode.swift; path = UpdateDetailsViewController.swift; sourceTree = "<group>"; };
		92B1D83725F3429F00474543 /* DetailViewController.swift */ = {isa = PBXFileReference; lastKnownFileType = sourcecode.swift; path = DetailViewController.swift; sourceTree = "<group>"; };
		92C64CAC25EF59C6007521FD /* LoginViewController.swift */ = {isa = PBXFileReference; lastKnownFileType = sourcecode.swift; path = LoginViewController.swift; sourceTree = "<group>"; };
		92C64CAF25EF59EA007521FD /* SignUpViewController.swift */ = {isa = PBXFileReference; lastKnownFileType = sourcecode.swift; path = SignUpViewController.swift; sourceTree = "<group>"; };
		92CB7F0825EBC235004BFAA9 /* GoogleService-Info.plist */ = {isa = PBXFileReference; fileEncoding = 4; lastKnownFileType = text.plist.xml; path = "GoogleService-Info.plist"; sourceTree = "<group>"; };
		92DCE53F25F09E6F00109268 /* CartTableViewCell.swift */ = {isa = PBXFileReference; lastKnownFileType = sourcecode.swift; path = CartTableViewCell.swift; sourceTree = "<group>"; };
		92DCE54225F09FB000109268 /* FoodViewController.swift */ = {isa = PBXFileReference; lastKnownFileType = sourcecode.swift; path = FoodViewController.swift; sourceTree = "<group>"; };
		92DCE54925F0AA1900109268 /* CatogaryCollectionViewCell.swift */ = {isa = PBXFileReference; lastKnownFileType = sourcecode.swift; path = CatogaryCollectionViewCell.swift; sourceTree = "<group>"; };
		92DCE55025F0C4B400109268 /* FoodItemTableViewCell.swift */ = {isa = PBXFileReference; lastKnownFileType = sourcecode.swift; path = FoodItemTableViewCell.swift; sourceTree = "<group>"; };
		92F6A98E25E8E01800381587 /* Minidu_Wickramaarachchi_COBSCCOMP192P-010_Assignment-03.app */ = {isa = PBXFileReference; explicitFileType = wrapper.application; includeInIndex = 0; path = "Minidu_Wickramaarachchi_COBSCCOMP192P-010_Assignment-03.app"; sourceTree = BUILT_PRODUCTS_DIR; };
		92F6A99125E8E01800381587 /* AppDelegate.swift */ = {isa = PBXFileReference; lastKnownFileType = sourcecode.swift; path = AppDelegate.swift; sourceTree = "<group>"; };
		92F6A99325E8E01800381587 /* SceneDelegate.swift */ = {isa = PBXFileReference; lastKnownFileType = sourcecode.swift; path = SceneDelegate.swift; sourceTree = "<group>"; };
		92F6A99525E8E01800381587 /* ViewController.swift */ = {isa = PBXFileReference; lastKnownFileType = sourcecode.swift; path = ViewController.swift; sourceTree = "<group>"; };
		92F6A99825E8E01800381587 /* Base */ = {isa = PBXFileReference; lastKnownFileType = file.storyboard; name = Base; path = Base.lproj/Main.storyboard; sourceTree = "<group>"; };
		92F6A99A25E8E01900381587 /* Assets.xcassets */ = {isa = PBXFileReference; lastKnownFileType = folder.assetcatalog; path = Assets.xcassets; sourceTree = "<group>"; };
		92F6A99D25E8E01900381587 /* Base */ = {isa = PBXFileReference; lastKnownFileType = file.storyboard; name = Base; path = Base.lproj/LaunchScreen.storyboard; sourceTree = "<group>"; };
		92F6A99F25E8E01900381587 /* Info.plist */ = {isa = PBXFileReference; lastKnownFileType = text.plist.xml; path = Info.plist; sourceTree = "<group>"; };
		BF4E3D3EB8BC2982D8B8D571 /* Pods-Minidu_Wickramaarachchi_COBSCCOMP192P-010_Assignment-03.release.xcconfig */ = {isa = PBXFileReference; includeInIndex = 1; lastKnownFileType = text.xcconfig; name = "Pods-Minidu_Wickramaarachchi_COBSCCOMP192P-010_Assignment-03.release.xcconfig"; path = "Target Support Files/Pods-Minidu_Wickramaarachchi_COBSCCOMP192P-010_Assignment-03/Pods-Minidu_Wickramaarachchi_COBSCCOMP192P-010_Assignment-03.release.xcconfig"; sourceTree = "<group>"; };
		D5CAF21A214A86042218AC2D /* Pods-Minidu_Wickramaarachchi_COBSCCOMP192P-010_Assignment-03.debug.xcconfig */ = {isa = PBXFileReference; includeInIndex = 1; lastKnownFileType = text.xcconfig; name = "Pods-Minidu_Wickramaarachchi_COBSCCOMP192P-010_Assignment-03.debug.xcconfig"; path = "Target Support Files/Pods-Minidu_Wickramaarachchi_COBSCCOMP192P-010_Assignment-03/Pods-Minidu_Wickramaarachchi_COBSCCOMP192P-010_Assignment-03.debug.xcconfig"; sourceTree = "<group>"; };
/* End PBXFileReference section */

/* Begin PBXFrameworksBuildPhase section */
		92F6A98B25E8E01800381587 /* Frameworks */ = {
			isa = PBXFrameworksBuildPhase;
			buildActionMask = 2147483647;
			files = (
				6A0E1BC31C63908395F4A721 /* Pods_Minidu_Wickramaarachchi_COBSCCOMP192P_010_Assignment_03.framework in Frameworks */,
			);
			runOnlyForDeploymentPostprocessing = 0;
		};
/* End PBXFrameworksBuildPhase section */

/* Begin PBXGroup section */
		92C64C9F25EF4E9D007521FD /* Controllers */ = {
			isa = PBXGroup;
			children = (
				92F6A99525E8E01800381587 /* ViewController.swift */,
				92C64CAC25EF59C6007521FD /* LoginViewController.swift */,
				92C64CAF25EF59EA007521FD /* SignUpViewController.swift */,
				92DCE53F25F09E6F00109268 /* CartTableViewCell.swift */,
				92DCE54225F09FB000109268 /* FoodViewController.swift */,
				92DCE54925F0AA1900109268 /* CatogaryCollectionViewCell.swift */,
				92DCE55025F0C4B400109268 /* FoodItemTableViewCell.swift */,
				924ED36A25F0E3B600D4FC4C /* OrdersTableViewCell.swift */,
				924ED36D25F0E50400D4FC4C /* OrderViewController.swift */,
				924ED37425F1158F00D4FC4C /* ForgetPWViewController.swift */,
				9258D21025F1FCF100B67B04 /* LocationViewController.swift */,
				9258D21325F2229900B67B04 /* DescriptionViewController.swift */,
				92B1D83425F33FD900474543 /* UpdateDetailsViewController.swift */,
				92B1D83725F3429F00474543 /* DetailViewController.swift */,
			);
			path = Controllers;
			sourceTree = "<group>";
		};
		92C64CA625EF5507007521FD /* Services */ = {
			isa = PBXGroup;
			children = (
			);
			path = Services;
			sourceTree = "<group>";
		};
		92F6A98525E8E01800381587 = {
			isa = PBXGroup;
			children = (
				92F6A99025E8E01800381587 /* Minidu_Wickramaarachchi_COBSCCOMP192P-010_Assignment-03 */,
				92F6A98F25E8E01800381587 /* Products */,
				99226855CED020862504DF27 /* Pods */,
				B9D3658249461830C77A9609 /* Frameworks */,
			);
			sourceTree = "<group>";
		};
		92F6A98F25E8E01800381587 /* Products */ = {
			isa = PBXGroup;
			children = (
				92F6A98E25E8E01800381587 /* Minidu_Wickramaarachchi_COBSCCOMP192P-010_Assignment-03.app */,
			);
			name = Products;
			sourceTree = "<group>";
		};
		92F6A99025E8E01800381587 /* Minidu_Wickramaarachchi_COBSCCOMP192P-010_Assignment-03 */ = {
			isa = PBXGroup;
			children = (
				92C64CA625EF5507007521FD /* Services */,
				92C64C9F25EF4E9D007521FD /* Controllers */,
				92F6A99125E8E01800381587 /* AppDelegate.swift */,
				92F6A99325E8E01800381587 /* SceneDelegate.swift */,
				92F6A99725E8E01800381587 /* Main.storyboard */,
				92F6A99A25E8E01900381587 /* Assets.xcassets */,
				92F6A99C25E8E01900381587 /* LaunchScreen.storyboard */,
				92CB7F0825EBC235004BFAA9 /* GoogleService-Info.plist */,
				92F6A99F25E8E01900381587 /* Info.plist */,
			);
			path = "Minidu_Wickramaarachchi_COBSCCOMP192P-010_Assignment-03";
			sourceTree = "<group>";
		};
		99226855CED020862504DF27 /* Pods */ = {
			isa = PBXGroup;
			children = (
				D5CAF21A214A86042218AC2D /* Pods-Minidu_Wickramaarachchi_COBSCCOMP192P-010_Assignment-03.debug.xcconfig */,
				BF4E3D3EB8BC2982D8B8D571 /* Pods-Minidu_Wickramaarachchi_COBSCCOMP192P-010_Assignment-03.release.xcconfig */,
			);
			path = Pods;
			sourceTree = "<group>";
		};
		B9D3658249461830C77A9609 /* Frameworks */ = {
			isa = PBXGroup;
			children = (
				8423885ABE0DB4369D0040BC /* Pods_Minidu_Wickramaarachchi_COBSCCOMP192P_010_Assignment_03.framework */,
			);
			name = Frameworks;
			sourceTree = "<group>";
		};
/* End PBXGroup section */

/* Begin PBXNativeTarget section */
		92F6A98D25E8E01800381587 /* Minidu_Wickramaarachchi_COBSCCOMP192P-010_Assignment-03 */ = {
			isa = PBXNativeTarget;
			buildConfigurationList = 92F6A9A225E8E01900381587 /* Build configuration list for PBXNativeTarget "Minidu_Wickramaarachchi_COBSCCOMP192P-010_Assignment-03" */;
			buildPhases = (
				27273AA7BC6E6A3FEBCB1050 /* [CP] Check Pods Manifest.lock */,
				92F6A98A25E8E01800381587 /* Sources */,
				92F6A98B25E8E01800381587 /* Frameworks */,
				92F6A98C25E8E01800381587 /* Resources */,
				886F29A3F0B42E9461547D87 /* [CP] Embed Pods Frameworks */,
			);
			buildRules = (
			);
			dependencies = (
			);
			name = "Minidu_Wickramaarachchi_COBSCCOMP192P-010_Assignment-03";
			productName = "Minidu_Wickramaarachchi_COBSCCOMP192P-010_Assignment-03";
			productReference = 92F6A98E25E8E01800381587 /* Minidu_Wickramaarachchi_COBSCCOMP192P-010_Assignment-03.app */;
			productType = "com.apple.product-type.application";
		};
/* End PBXNativeTarget section */

/* Begin PBXProject section */
		92F6A98625E8E01800381587 /* Project object */ = {
			isa = PBXProject;
			attributes = {
				LastSwiftUpdateCheck = 1240;
				LastUpgradeCheck = 1240;
				TargetAttributes = {
					92F6A98D25E8E01800381587 = {
						CreatedOnToolsVersion = 12.4;
					};
				};
			};
			buildConfigurationList = 92F6A98925E8E01800381587 /* Build configuration list for PBXProject "Minidu_Wickramaarachchi_COBSCCOMP192P-010_Assignment-03" */;
			compatibilityVersion = "Xcode 9.3";
			developmentRegion = en;
			hasScannedForEncodings = 0;
			knownRegions = (
				en,
				Base,
			);
			mainGroup = 92F6A98525E8E01800381587;
			productRefGroup = 92F6A98F25E8E01800381587 /* Products */;
			projectDirPath = "";
			projectRoot = "";
			targets = (
				92F6A98D25E8E01800381587 /* Minidu_Wickramaarachchi_COBSCCOMP192P-010_Assignment-03 */,
			);
		};
/* End PBXProject section */

/* Begin PBXResourcesBuildPhase section */
		92F6A98C25E8E01800381587 /* Resources */ = {
			isa = PBXResourcesBuildPhase;
			buildActionMask = 2147483647;
			files = (
				92F6A99E25E8E01900381587 /* LaunchScreen.storyboard in Resources */,
				92CB7F0925EBC235004BFAA9 /* GoogleService-Info.plist in Resources */,
				92F6A99B25E8E01900381587 /* Assets.xcassets in Resources */,
				92F6A99925E8E01800381587 /* Main.storyboard in Resources */,
			);
			runOnlyForDeploymentPostprocessing = 0;
		};
/* End PBXResourcesBuildPhase section */

/* Begin PBXShellScriptBuildPhase section */
		27273AA7BC6E6A3FEBCB1050 /* [CP] Check Pods Manifest.lock */ = {
			isa = PBXShellScriptBuildPhase;
			buildActionMask = 2147483647;
			files = (
			);
			inputFileListPaths = (
			);
			inputPaths = (
				"${PODS_PODFILE_DIR_PATH}/Podfile.lock",
				"${PODS_ROOT}/Manifest.lock",
			);
			name = "[CP] Check Pods Manifest.lock";
			outputFileListPaths = (
			);
			outputPaths = (
				"$(DERIVED_FILE_DIR)/Pods-Minidu_Wickramaarachchi_COBSCCOMP192P-010_Assignment-03-checkManifestLockResult.txt",
			);
			runOnlyForDeploymentPostprocessing = 0;
			shellPath = /bin/sh;
			shellScript = "diff \"${PODS_PODFILE_DIR_PATH}/Podfile.lock\" \"${PODS_ROOT}/Manifest.lock\" > /dev/null\nif [ $? != 0 ] ; then\n    # print error to STDERR\n    echo \"error: The sandbox is not in sync with the Podfile.lock. Run 'pod install' or update your CocoaPods installation.\" >&2\n    exit 1\nfi\n# This output is used by Xcode 'outputs' to avoid re-running this script phase.\necho \"SUCCESS\" > \"${SCRIPT_OUTPUT_FILE_0}\"\n";
			showEnvVarsInLog = 0;
		};
		886F29A3F0B42E9461547D87 /* [CP] Embed Pods Frameworks */ = {
			isa = PBXShellScriptBuildPhase;
			buildActionMask = 2147483647;
			files = (
			);
			inputFileListPaths = (
				"${PODS_ROOT}/Target Support Files/Pods-Minidu_Wickramaarachchi_COBSCCOMP192P-010_Assignment-03/Pods-Minidu_Wickramaarachchi_COBSCCOMP192P-010_Assignment-03-frameworks-${CONFIGURATION}-input-files.xcfilelist",
			);
			name = "[CP] Embed Pods Frameworks";
			outputFileListPaths = (
				"${PODS_ROOT}/Target Support Files/Pods-Minidu_Wickramaarachchi_COBSCCOMP192P-010_Assignment-03/Pods-Minidu_Wickramaarachchi_COBSCCOMP192P-010_Assignment-03-frameworks-${CONFIGURATION}-output-files.xcfilelist",
			);
			runOnlyForDeploymentPostprocessing = 0;
			shellPath = /bin/sh;
			shellScript = "\"${PODS_ROOT}/Target Support Files/Pods-Minidu_Wickramaarachchi_COBSCCOMP192P-010_Assignment-03/Pods-Minidu_Wickramaarachchi_COBSCCOMP192P-010_Assignment-03-frameworks.sh\"\n";
			showEnvVarsInLog = 0;
		};
/* End PBXShellScriptBuildPhase section */

/* Begin PBXSourcesBuildPhase section */
		92F6A98A25E8E01800381587 /* Sources */ = {
			isa = PBXSourcesBuildPhase;
			buildActionMask = 2147483647;
			files = (
				92B1D83525F33FD900474543 /* UpdateDetailsViewController.swift in Sources */,
				92DCE55125F0C4B400109268 /* FoodItemTableViewCell.swift in Sources */,
				9258D21425F2229900B67B04 /* DescriptionViewController.swift in Sources */,
				92DCE54025F09E6F00109268 /* CartTableViewCell.swift in Sources */,
				92C64CB025EF59EA007521FD /* SignUpViewController.swift in Sources */,
				92DCE54325F09FB000109268 /* FoodViewController.swift in Sources */,
				92F6A99625E8E01800381587 /* ViewController.swift in Sources */,
				92B1D83825F3429F00474543 /* DetailViewController.swift in Sources */,
				92F6A99225E8E01800381587 /* AppDelegate.swift in Sources */,
				924ED36B25F0E3B600D4FC4C /* OrdersTableViewCell.swift in Sources */,
				9258D21125F1FCF100B67B04 /* LocationViewController.swift in Sources */,
				924ED37525F1158F00D4FC4C /* ForgetPWViewController.swift in Sources */,
				92DCE54A25F0AA1900109268 /* CatogaryCollectionViewCell.swift in Sources */,
				92C64CAD25EF59C6007521FD /* LoginViewController.swift in Sources */,
				92F6A99425E8E01800381587 /* SceneDelegate.swift in Sources */,
				924ED36E25F0E50400D4FC4C /* OrderViewController.swift in Sources */,
			);
			runOnlyForDeploymentPostprocessing = 0;
		};
/* End PBXSourcesBuildPhase section */

/* Begin PBXVariantGroup section */
		92F6A99725E8E01800381587 /* Main.storyboard */ = {
			isa = PBXVariantGroup;
			children = (
				92F6A99825E8E01800381587 /* Base */,
			);
			name = Main.storyboard;
			sourceTree = "<group>";
		};
		92F6A99C25E8E01900381587 /* LaunchScreen.storyboard */ = {
			isa = PBXVariantGroup;
			children = (
				92F6A99D25E8E01900381587 /* Base */,
			);
			name = LaunchScreen.storyboard;
			sourceTree = "<group>";
		};
/* End PBXVariantGroup section */

/* Begin XCBuildConfiguration section */
		92F6A9A025E8E01900381587 /* Debug */ = {
			isa = XCBuildConfiguration;
			buildSettings = {
				ALWAYS_SEARCH_USER_PATHS = NO;
				CLANG_ANALYZER_NONNULL = YES;
				CLANG_ANALYZER_NUMBER_OBJECT_CONVERSION = YES_AGGRESSIVE;
				CLANG_CXX_LANGUAGE_STANDARD = "gnu++14";
				CLANG_CXX_LIBRARY = "libc++";
				CLANG_ENABLE_MODULES = YES;
				CLANG_ENABLE_OBJC_ARC = YES;
				CLANG_ENABLE_OBJC_WEAK = YES;
				CLANG_WARN_BLOCK_CAPTURE_AUTORELEASING = YES;
				CLANG_WARN_BOOL_CONVERSION = YES;
				CLANG_WARN_COMMA = YES;
				CLANG_WARN_CONSTANT_CONVERSION = YES;
				CLANG_WARN_DEPRECATED_OBJC_IMPLEMENTATIONS = YES;
				CLANG_WARN_DIRECT_OBJC_ISA_USAGE = YES_ERROR;
				CLANG_WARN_DOCUMENTATION_COMMENTS = YES;
				CLANG_WARN_EMPTY_BODY = YES;
				CLANG_WARN_ENUM_CONVERSION = YES;
				CLANG_WARN_INFINITE_RECURSION = YES;
				CLANG_WARN_INT_CONVERSION = YES;
				CLANG_WARN_NON_LITERAL_NULL_CONVERSION = YES;
				CLANG_WARN_OBJC_IMPLICIT_RETAIN_SELF = YES;
				CLANG_WARN_OBJC_LITERAL_CONVERSION = YES;
				CLANG_WARN_OBJC_ROOT_CLASS = YES_ERROR;
				CLANG_WARN_QUOTED_INCLUDE_IN_FRAMEWORK_HEADER = YES;
				CLANG_WARN_RANGE_LOOP_ANALYSIS = YES;
				CLANG_WARN_STRICT_PROTOTYPES = YES;
				CLANG_WARN_SUSPICIOUS_MOVE = YES;
				CLANG_WARN_UNGUARDED_AVAILABILITY = YES_AGGRESSIVE;
				CLANG_WARN_UNREACHABLE_CODE = YES;
				CLANG_WARN__DUPLICATE_METHOD_MATCH = YES;
				COPY_PHASE_STRIP = NO;
				DEBUG_INFORMATION_FORMAT = dwarf;
				ENABLE_STRICT_OBJC_MSGSEND = YES;
				ENABLE_TESTABILITY = YES;
				GCC_C_LANGUAGE_STANDARD = gnu11;
				GCC_DYNAMIC_NO_PIC = NO;
				GCC_NO_COMMON_BLOCKS = YES;
				GCC_OPTIMIZATION_LEVEL = 0;
				GCC_PREPROCESSOR_DEFINITIONS = (
					"DEBUG=1",
					"$(inherited)",
				);
				GCC_WARN_64_TO_32_BIT_CONVERSION = YES;
				GCC_WARN_ABOUT_RETURN_TYPE = YES_ERROR;
				GCC_WARN_UNDECLARED_SELECTOR = YES;
				GCC_WARN_UNINITIALIZED_AUTOS = YES_AGGRESSIVE;
				GCC_WARN_UNUSED_FUNCTION = YES;
				GCC_WARN_UNUSED_VARIABLE = YES;
				IPHONEOS_DEPLOYMENT_TARGET = 14.4;
				MTL_ENABLE_DEBUG_INFO = INCLUDE_SOURCE;
				MTL_FAST_MATH = YES;
				ONLY_ACTIVE_ARCH = YES;
				SDKROOT = iphoneos;
				SWIFT_ACTIVE_COMPILATION_CONDITIONS = DEBUG;
				SWIFT_OPTIMIZATION_LEVEL = "-Onone";
			};
			name = Debug;
		};
		92F6A9A125E8E01900381587 /* Release */ = {
			isa = XCBuildConfiguration;
			buildSettings = {
				ALWAYS_SEARCH_USER_PATHS = NO;
				CLANG_ANALYZER_NONNULL = YES;
				CLANG_ANALYZER_NUMBER_OBJECT_CONVERSION = YES_AGGRESSIVE;
				CLANG_CXX_LANGUAGE_STANDARD = "gnu++14";
				CLANG_CXX_LIBRARY = "libc++";
				CLANG_ENABLE_MODULES = YES;
				CLANG_ENABLE_OBJC_ARC = YES;
				CLANG_ENABLE_OBJC_WEAK = YES;
				CLANG_WARN_BLOCK_CAPTURE_AUTORELEASING = YES;
				CLANG_WARN_BOOL_CONVERSION = YES;
				CLANG_WARN_COMMA = YES;
				CLANG_WARN_CONSTANT_CONVERSION = YES;
				CLANG_WARN_DEPRECATED_OBJC_IMPLEMENTATIONS = YES;
				CLANG_WARN_DIRECT_OBJC_ISA_USAGE = YES_ERROR;
				CLANG_WARN_DOCUMENTATION_COMMENTS = YES;
				CLANG_WARN_EMPTY_BODY = YES;
				CLANG_WARN_ENUM_CONVERSION = YES;
				CLANG_WARN_INFINITE_RECURSION = YES;
				CLANG_WARN_INT_CONVERSION = YES;
				CLANG_WARN_NON_LITERAL_NULL_CONVERSION = YES;
				CLANG_WARN_OBJC_IMPLICIT_RETAIN_SELF = YES;
				CLANG_WARN_OBJC_LITERAL_CONVERSION = YES;
				CLANG_WARN_OBJC_ROOT_CLASS = YES_ERROR;
				CLANG_WARN_QUOTED_INCLUDE_IN_FRAMEWORK_HEADER = YES;
				CLANG_WARN_RANGE_LOOP_ANALYSIS = YES;
				CLANG_WARN_STRICT_PROTOTYPES = YES;
				CLANG_WARN_SUSPICIOUS_MOVE = YES;
				CLANG_WARN_UNGUARDED_AVAILABILITY = YES_AGGRESSIVE;
				CLANG_WARN_UNREACHABLE_CODE = YES;
				CLANG_WARN__DUPLICATE_METHOD_MATCH = YES;
				COPY_PHASE_STRIP = NO;
				DEBUG_INFORMATION_FORMAT = "dwarf-with-dsym";
				ENABLE_NS_ASSERTIONS = NO;
				ENABLE_STRICT_OBJC_MSGSEND = YES;
				GCC_C_LANGUAGE_STANDARD = gnu11;
				GCC_NO_COMMON_BLOCKS = YES;
				GCC_WARN_64_TO_32_BIT_CONVERSION = YES;
				GCC_WARN_ABOUT_RETURN_TYPE = YES_ERROR;
				GCC_WARN_UNDECLARED_SELECTOR = YES;
				GCC_WARN_UNINITIALIZED_AUTOS = YES_AGGRESSIVE;
				GCC_WARN_UNUSED_FUNCTION = YES;
				GCC_WARN_UNUSED_VARIABLE = YES;
				IPHONEOS_DEPLOYMENT_TARGET = 14.4;
				MTL_ENABLE_DEBUG_INFO = NO;
				MTL_FAST_MATH = YES;
				SDKROOT = iphoneos;
				SWIFT_COMPILATION_MODE = wholemodule;
				SWIFT_OPTIMIZATION_LEVEL = "-O";
				VALIDATE_PRODUCT = YES;
			};
			name = Release;
		};
		92F6A9A325E8E01900381587 /* Debug */ = {
			isa = XCBuildConfiguration;
			baseConfigurationReference = D5CAF21A214A86042218AC2D /* Pods-Minidu_Wickramaarachchi_COBSCCOMP192P-010_Assignment-03.debug.xcconfig */;
			buildSettings = {
				ASSETCATALOG_COMPILER_APPICON_NAME = AppIcon;
				ASSETCATALOG_COMPILER_GLOBAL_ACCENT_COLOR_NAME = AccentColor;
				CODE_SIGN_STYLE = Automatic;
				INFOPLIST_FILE = "Minidu_Wickramaarachchi_COBSCCOMP192P-010_Assignment-03/Info.plist";
				LD_RUNPATH_SEARCH_PATHS = (
					"$(inherited)",
					"@executable_path/Frameworks",
				);
				PRODUCT_BUNDLE_IDENTIFIER = "com.minidu.Minidu-Wickramaarachchi-COBSCCOMP192P-010-Assignment-03";
				PRODUCT_NAME = "$(TARGET_NAME)";
				SWIFT_VERSION = 5.0;
				TARGETED_DEVICE_FAMILY = "1,2";
			};
			name = Debug;
		};
		92F6A9A425E8E01900381587 /* Release */ = {
			isa = XCBuildConfiguration;
			baseConfigurationReference = BF4E3D3EB8BC2982D8B8D571 /* Pods-Minidu_Wickramaarachchi_COBSCCOMP192P-010_Assignment-03.release.xcconfig */;
			buildSettings = {
				ASSETCATALOG_COMPILER_APPICON_NAME = AppIcon;
				ASSETCATALOG_COMPILER_GLOBAL_ACCENT_COLOR_NAME = AccentColor;
				CODE_SIGN_STYLE = Automatic;
				INFOPLIST_FILE = "Minidu_Wickramaarachchi_COBSCCOMP192P-010_Assignment-03/Info.plist";
				LD_RUNPATH_SEARCH_PATHS = (
					"$(inherited)",
					"@executable_path/Frameworks",
				);
				PRODUCT_BUNDLE_IDENTIFIER = "com.minidu.Minidu-Wickramaarachchi-COBSCCOMP192P-010-Assignment-03";
				PRODUCT_NAME = "$(TARGET_NAME)";
				SWIFT_VERSION = 5.0;
				TARGETED_DEVICE_FAMILY = "1,2";
			};
			name = Release;
		};
/* End XCBuildConfiguration section */

/* Begin XCConfigurationList section */
		92F6A98925E8E01800381587 /* Build configuration list for PBXProject "Minidu_Wickramaarachchi_COBSCCOMP192P-010_Assignment-03" */ = {
			isa = XCConfigurationList;
			buildConfigurations = (
				92F6A9A025E8E01900381587 /* Debug */,
				92F6A9A125E8E01900381587 /* Release */,
			);
			defaultConfigurationIsVisible = 0;
			defaultConfigurationName = Release;
		};
		92F6A9A225E8E01900381587 /* Build configuration list for PBXNativeTarget "Minidu_Wickramaarachchi_COBSCCOMP192P-010_Assignment-03" */ = {
			isa = XCConfigurationList;
			buildConfigurations = (
				92F6A9A325E8E01900381587 /* Debug */,
				92F6A9A425E8E01900381587 /* Release */,
			);
			defaultConfigurationIsVisible = 0;
			defaultConfigurationName = Release;
		};
/* End XCConfigurationList section */
	};
	rootObject = 92F6A98625E8E01800381587 /* Project object */;
}
